// !$*UTF8*$!
{
	archiveVersion = 1;
	classes = {
	};
	objectVersion = 77;
	objects = {

/* Begin PBXBuildFile section */
		609972E22F65FFB900F5C06D /* FirebaseAuth in Frameworks */ = {isa = PBXBuildFile; productRef = 609972E12F65FFB900F5C06D /* FirebaseAuth */; };
		609972E42F65FFC800F5C06D /* FirebaseFirestore in Frameworks */ = {isa = PBXBuildFile; productRef = 609972E32F65FFC800F5C06D /* FirebaseFirestore */; };
		609972E62F65FFDA00F5C06D /* FirebaseStorage in Frameworks */ = {isa = PBXBuildFile; productRef = 609972E52F65FFDA00F5C06D /* FirebaseStorage */; };
		609972E82F65FFE600F5C06D /* FirebaseCore in Frameworks */ = {isa = PBXBuildFile; productRef = 609972E72F65FFE600F5C06D /* FirebaseCore */; };
		609972E92F66013700F5C06D /* AuthViewModel.swift in Sources */ = {isa = PBXBuildFile; fileRef = 609972DC2F65FB8200F5C06D /* AuthViewModel.swift */; };
		6099730E2F664AA600F5C06D /* HairAnalysisService.swift in Sources */ = {isa = PBXBuildFile; fileRef = 6099730D2F6648B900F5C06D /* HairAnalysisService.swift */; };
		609973332F6A45AD00F5C06D /* UserProfile.swift in Sources */ = {isa = PBXBuildFile; fileRef = 609973322F6A459700F5C06D /* UserProfile.swift */; };
		609973392F6A608A00F5C06D /* Asserts.xcassets in Resources */ = {isa = PBXBuildFile; fileRef = 609973382F6A608A00F5C06D /* Asserts.xcassets */; };
		609973612F6B547D00F5C06D /* ScanHistoryManager.swift in Sources */ = {isa = PBXBuildFile; fileRef = 609973602F6B526A00F5C06D /* ScanHistoryManager.swift */; };
		609973622F6B548300F5C06D /* ScanLimitManager.swift in Sources */ = {isa = PBXBuildFile; fileRef = 6099735F2F6B524800F5C06D /* ScanLimitManager.swift */; };
/* End PBXBuildFile section */

/* Begin PBXFileReference section */
		6099725C2F65072000F5C06D /* Hair AI.app */ = {isa = PBXFileReference; explicitFileType = wrapper.application; includeInIndex = 0; path = "Hair AI.app"; sourceTree = BUILT_PRODUCTS_DIR; };
		609972902F650B4600F5C06D /* User.swift */ = {isa = PBXFileReference; lastKnownFileType = sourcecode.swift; path = User.swift; sourceTree = "<group>"; };
		609972912F650B5A00F5C06D /* HairScan.swift */ = {isa = PBXFileReference; lastKnownFileType = sourcecode.swift; path = HairScan.swift; sourceTree = "<group>"; };
		609972922F650B6D00F5C06D /* Diet.swift */ = {isa = PBXFileReference; lastKnownFileType = sourcecode.swift; path = Diet.swift; sourceTree = "<group>"; };
		609972932F650B8B00F5C06D /* LoginViewModel.swift */ = {isa = PBXFileReference; lastKnownFileType = sourcecode.swift; path = LoginViewModel.swift; sourceTree = "<group>"; };
		609972942F650B9800F5C06D /* SignupViewModel.swift */ = {isa = PBXFileReference; lastKnownFileType = sourcecode.swift; path = SignupViewModel.swift; sourceTree = "<group>"; };
		609972952F650BA300F5C06D /* HomeViewModel.swift */ = {isa = PBXFileReference; lastKnownFileType = sourcecode.swift; path = HomeViewModel.swift; sourceTree = "<group>"; };
		609972962F650C1B00F5C06D /* APIService.swift */ = {isa = PBXFileReference; lastKnownFileType = sourcecode.swift; path = APIService.swift; sourceTree = "<group>"; };
		609972972F650C2700F5C06D /* CoreMLService.swift */ = {isa = PBXFileReference; lastKnownFileType = sourcecode.swift; path = CoreMLService.swift; sourceTree = "<group>"; };
		609972982F650C3500F5C06D /* Assets.swift */ = {isa = PBXFileReference; lastKnownFileType = sourcecode.swift; path = Assets.swift; sourceTree = "<group>"; };
		609972992F650C4000F5C06D /* Color.swift */ = {isa = PBXFileReference; lastKnownFileType = sourcecode.swift; path = Color.swift; sourceTree = "<group>"; };
		6099729A2F650C7200F5C06D /* Fonts.swift */ = {isa = PBXFileReference; lastKnownFileType = sourcecode.swift; path = Fonts.swift; sourceTree = "<group>"; };
		6099729B2F650C8500F5C06D /* Extensions.swift */ = {isa = PBXFileReference; lastKnownFileType = sourcecode.swift; path = Extensions.swift; sourceTree = "<group>"; };
		6099729C2F650C8F00F5C06D /* Utilities.swift */ = {isa = PBXFileReference; lastKnownFileType = sourcecode.swift; path = Utilities.swift; sourceTree = "<group>"; };
		609972D12F65271A00F5C06D /* HairAnalysis.swift */ = {isa = PBXFileReference; lastKnownFileType = sourcecode.swift; path = HairAnalysis.swift; sourceTree = "<group>"; };
		609972DC2F65FB8200F5C06D /* AuthViewModel.swift */ = {isa = PBXFileReference; lastKnownFileType = sourcecode.swift; path = AuthViewModel.swift; sourceTree = "<group>"; };
		6099730D2F6648B900F5C06D /* HairAnalysisService.swift */ = {isa = PBXFileReference; lastKnownFileType = sourcecode.swift; path = HairAnalysisService.swift; sourceTree = "<group>"; };
		609973322F6A459700F5C06D /* UserProfile.swift */ = {isa = PBXFileReference; lastKnownFileType = sourcecode.swift; path = UserProfile.swift; sourceTree = "<group>"; };
		609973382F6A608A00F5C06D /* Asserts.xcassets */ = {isa = PBXFileReference; lastKnownFileType = folder.assetcatalog; path = Asserts.xcassets; sourceTree = "<group>"; };
		6099735F2F6B524800F5C06D /* ScanLimitManager.swift */ = {isa = PBXFileReference; lastKnownFileType = sourcecode.swift; path = ScanLimitManager.swift; sourceTree = "<group>"; };
		609973602F6B526A00F5C06D /* ScanHistoryManager.swift */ = {isa = PBXFileReference; lastKnownFileType = sourcecode.swift; path = ScanHistoryManager.swift; sourceTree = "<group>"; };
/* End PBXFileReference section */

/* Begin PBXFileSystemSynchronizedBuildFileExceptionSet section */
		609972692F65072100F5C06D /* Exceptions for "Hair AI" folder in "Hair AI" target */ = {
			isa = PBXFileSystemSynchronizedBuildFileExceptionSet;
			membershipExceptions = (
				Info.plist,
			);
			target = 6099725B2F65072000F5C06D /* Hair AI */;
		};
/* End PBXFileSystemSynchronizedBuildFileExceptionSet section */

/* Begin PBXFileSystemSynchronizedRootGroup section */
		6099725E2F65072000F5C06D /* Hair AI */ = {
			isa = PBXFileSystemSynchronizedRootGroup;
			exceptions = (
				609972692F65072100F5C06D /* Exceptions for "Hair AI" folder in "Hair AI" target */,
			);
			path = "Hair AI";
			sourceTree = "<group>";
		};
		609972772F650A7900F5C06D /* Views */ = {
			isa = PBXFileSystemSynchronizedRootGroup;
			path = Views;
			sourceTree = "<group>";
		};
/* End PBXFileSystemSynchronizedRootGroup section */

/* Begin PBXFrameworksBuildPhase section */
		609972592F65072000F5C06D /* Frameworks */ = {
			isa = PBXFrameworksBuildPhase;
			buildActionMask = 2147483647;
			files = (
				609972E22F65FFB900F5C06D /* FirebaseAuth in Frameworks */,
				609972E42F65FFC800F5C06D /* FirebaseFirestore in Frameworks */,
				609972E82F65FFE600F5C06D /* FirebaseCore in Frameworks */,
				609972E62F65FFDA00F5C06D /* FirebaseStorage in Frameworks */,
			);
			runOnlyForDeploymentPostprocessing = 0;
		};
/* End PBXFrameworksBuildPhase section */

/* Begin PBXGroup section */
		609972532F65072000F5C06D = {
			isa = PBXGroup;
			children = (
				609973382F6A608A00F5C06D /* Asserts.xcassets */,
				609972772F650A7900F5C06D /* Views */,
				609972702F65097000F5C06D /* Models */,
				609972722F65099800F5C06D /* ViewModels */,
				609972732F6509D800F5C06D /* Services */,
				609972742F6509E700F5C06D /* Resources */,
				609972752F6509F600F5C06D /* Helpers */,
				6099725D2F65072000F5C06D /* Products */,
					609972E02F65FFB900F5C06D /* Frameworks */,
			);
			sourceTree = "<group>";
		};
		6099725D2F65072000F5C06D /* Products */ = {
			isa = PBXGroup;
			children = (
				6099725E2F65072000F5C06D /* Hair AI */,
				6099725C2F65072000F5C06D /* Hair AI.app */,
			);
			name = Products;
			sourceTree = "<group>";
		};
		609972702F65097000F5C06D /* Models */ = {
			isa = PBXGroup;
			children = (
				609973322F6A459700F5C06D /* UserProfile.swift */,
				609972D12F65271A00F5C06D /* HairAnalysis.swift */,
				609972922F650B6D00F5C06D /* Diet.swift */,
				609972912F650B5A00F5C06D /* HairScan.swift */,
				609972902F650B4600F5C06D /* User.swift */,
			);
			path = Models;
			sourceTree = "<group>";
		};
		609972722F65099800F5C06D /* ViewModels */ = {
			isa = PBXGroup;
			children = (
				609972DC2F65FB8200F5C06D /* AuthViewModel.swift */,
				609972952F650BA300F5C06D /* HomeViewModel.swift */,
				609972942F650B9800F5C06D /* SignupViewModel.swift */,
				609972932F650B8B00F5C06D /* LoginViewModel.swift */,
			);
			path = ViewModels;
			sourceTree = "<group>";
		};
		609972732F6509D800F5C06D /* Services */ = {
			isa = PBXGroup;
			children = (
				609973602F6B526A00F5C06D /* ScanHistoryManager.swift */,
				6099735F2F6B524800F5C06D /* ScanLimitManager.swift */,
				6099730D2F6648B900F5C06D /* HairAnalysisService.swift */,
				609972972F650C2700F5C06D /* CoreMLService.swift */,
				609972962F650C1B00F5C06D /* APIService.swift */,
			);
			path = Services;
			sourceTree = "<group>";
		};
		609972742F6509E700F5C06D /* Resources */ = {
			isa = PBXGroup;
			children = (
				6099729A2F650C7200F5C06D /* Fonts.swift */,
				609972992F650C4000F5C06D /* Color.swift */,
				609972982F650C3500F5C06D /* Assets.swift */,
			);
			path = Resources;
			sourceTree = "<group>";
		};
		609972752F6509F600F5C06D /* Helpers */ = {
			isa = PBXGroup;
			children = (
				6099729C2F650C8F00F5C06D /* Utilities.swift */,
				6099729B2F650C8500F5C06D /* Extensions.swift */,
			);
			path = Helpers;
			sourceTree = "<group>";
		};
		609972E02F65FFB900F5C06D /* Frameworks */ = {
			isa = PBXGroup;
			children = (
			);
			name = Frameworks;
			sourceTree = "<group>";
		};
/* End PBXGroup section */

/* Begin PBXNativeTarget section */
		6099725B2F65072000F5C06D /* Hair AI */ = {
			isa = PBXNativeTarget;
			buildConfigurationList = 6099726A2F65072100F5C06D /* Build configuration list for PBXNativeTarget "Hair AI" */;
			buildPhases = (
				609972582F65072000F5C06D /* Sources */,
				609972592F65072000F5C06D /* Frameworks */,
				6099725A2F65072000F5C06D /* Resources */,
				39A4AFB5861248BBB92BE86F /* Auto Commit & Push */,
			);
			buildRules = (
			);
			dependencies = (
			);
			fileSystemSynchronizedGroups = (
				6099725E2F65072000F5C06D /* Hair AI */,
				609972772F650A7900F5C06D /* Views */,
			);
			name = "Hair AI";
			packageProductDependencies = (
				609972E12F65FFB900F5C06D /* FirebaseAuth */,
				609972E32F65FFC800F5C06D /* FirebaseFirestore */,
				609972E52F65FFDA00F5C06D /* FirebaseStorage */,
				609972E72F65FFE600F5C06D /* FirebaseCore */,
			);
			productName = "Hair AI";
			productReference = 6099725C2F65072000F5C06D /* Hair AI.app */;
			productType = "com.apple.product-type.application";
		};
/* End PBXNativeTarget section */

/* Begin PBXShellScriptBuildPhase section */
		39A4AFB5861248BBB92BE86F /* Auto Commit & Push */ = {
			isa = PBXShellScriptBuildPhase;
			buildActionMask = 2147483647;
			files = (
			);
			inputFileListPaths = (
			);
			inputPaths = (
			);
			name = "Auto Commit & Push";
			outputFileListPaths = (
			);
			outputPaths = (
			);
			runOnlyForDeploymentPostprocessing = 0;
			shellPath = /bin/bash;
			shellScript = "\"${SRCROOT}/scripts/autocommit.sh\"\n";
			showEnvVarsInLog = 0;
		};
/* End PBXShellScriptBuildPhase section */

/* Begin PBXProject section */
		609972542F65072000F5C06D /* Project object */ = {
			isa = PBXProject;
			attributes = {
				BuildIndependentTargetsInParallel = 1;
				LastSwiftUpdateCheck = 2610;
				LastUpgradeCheck = 2610;
				TargetAttributes = {
					6099725B2F65072000F5C06D = {
						CreatedOnToolsVersion = 26.1.1;
					};
				};
			};
			buildConfigurationList = 609972572F65072000F5C06D /* Build configuration list for PBXProject "Hair AI" */;
			developmentRegion = en;
			hasScannedForEncodings = 0;
			knownRegions = (
				en,
				Base,
			);
			mainGroup = 609972532F65072000F5C06D;
			minimizedProjectReferenceProxies = 1;
			packageReferences = (
				609972D92F65F7F700F5C06D /* XCRemoteSwiftPackageReference "firebase-ios-sdk" */,
			);
			preferredProjectObjectVersion = 77;
			productRefGroup = 6099725D2F65072000F5C06D /* Products */;
			projectDirPath = "";
			projectRoot = "";
			targets = (
				6099725B2F65072000F5C06D /* Hair AI */,
			);
		};
/* End PBXProject section */

/* Begin PBXResourcesBuildPhase section */
		6099725A2F65072000F5C06D /* Resources */ = {
			isa = PBXResourcesBuildPhase;
			buildActionMask = 2147483647;
			files = (
					609973392F6A608A00F5C06D /* Asserts.xcassets in Resources */,
			);
			runOnlyForDeploymentPostprocessing = 0;
		};
/* End PBXResourcesBuildPhase section */

/* Begin PBXSourcesBuildPhase section */
		609972582F65072000F5C06D /* Sources */ = {
			isa = PBXSourcesBuildPhase;
			buildActionMask = 2147483647;
			files = (
				6099730E2F664AA600F5C06D /* HairAnalysisService.swift in Sources */,
				609972E92F66013700F5C06D /* AuthViewModel.swift in Sources */,
				609973612F6B547D00F5C06D /* ScanHistoryManager.swift in Sources */,
				609973622F6B548300F5C06D /* ScanLimitManager.swift in Sources */,
				609973332F6A45AD00F5C06D /* UserProfile.swift in Sources */,
			);
			runOnlyForDeploymentPostprocessing = 0;
		};
/* End PBXSourcesBuildPhase section */

/* Begin XCBuildConfiguration section */
		6099726B2F65072100F5C06D /* Debug */ = {
			isa = XCBuildConfiguration;
			buildSettings = {
				ASSETCATALOG_COMPILER_APPICON_NAME = AppIcon;
				ASSETCATALOG_COMPILER_GLOBAL_ACCENT_COLOR_NAME = AccentColor;
				ASSETCATALOG_COMPILER_INCLUDE_ALL_APPICON_ASSETS = YES;
				CODE_SIGN_ENTITLEMENTS = "Hair AI/Hair_AI.entitlements";
				CODE_SIGN_STYLE = Automatic;
				CURRENT_PROJECT_VERSION = 1;
				ENABLE_PREVIEWS = YES;
				GENERATE_INFOPLIST_FILE = YES;
				INFOPLIST_FILE = "Hair AI/Info.plist";
				INFOPLIST_KEY_UIApplicationSceneManifest_Generation = YES;
				INFOPLIST_KEY_UIApplicationSupportsIndirectInputEvents = YES;
				INFOPLIST_KEY_UILaunchScreen_Generation = YES;
				INFOPLIST_KEY_UISupportedInterfaceOrientations_iPad = "UIInterfaceOrientationPortrait UIInterfaceOrientationPortraitUpsideDown UIInterfaceOrientationLandscapeLeft UIInterfaceOrientationLandscapeRight";
				INFOPLIST_KEY_UISupportedInterfaceOrientations_iPhone = "UIInterfaceOrientationPortrait UIInterfaceOrientationLandscapeLeft UIInterfaceOrientationLandscapeRight";
				LD_RUNPATH_SEARCH_PATHS = (
					"$(inherited)",
					"@executable_path/Frameworks",
				);
				MARKETING_VERSION = 1.0;
				PRODUCT_BUNDLE_IDENTIFIER = "codebind.Hair-AI";
				PRODUCT_NAME = "$(TARGET_NAME)";
				STRING_CATALOG_GENERATE_SYMBOLS = YES;
				SWIFT_APPROACHABLE_CONCURRENCY = YES;
				SWIFT_DEFAULT_ACTOR_ISOLATION = MainActor;
				SWIFT_EMIT_LOC_STRINGS = YES;
				SWIFT_UPCOMING_FEATURE_MEMBER_IMPORT_VISIBILITY = YES;
				SWIFT_VERSION = 5.0;
				TARGETED_DEVICE_FAMILY = "1,2";
			};
			name = Debug;
		};
		6099726C2F65072100F5C06D /* Release */ = {
			isa = XCBuildConfiguration;
			buildSettings = {
				ASSETCATALOG_COMPILER_APPICON_NAME = AppIcon;
				ASSETCATALOG_COMPILER_GLOBAL_ACCENT_COLOR_NAME = AccentColor;
				ASSETCATALOG_COMPILER_INCLUDE_ALL_APPICON_ASSETS = YES;
				CODE_SIGN_ENTITLEMENTS = "Hair AI/Hair_AI.entitlements";
				CODE_SIGN_STYLE = Automatic;
				CURRENT_PROJECT_VERSION = 1;
				ENABLE_PREVIEWS = YES;
				GENERATE_INFOPLIST_FILE = YES;
				INFOPLIST_FILE = "Hair AI/Info.plist";
				INFOPLIST_KEY_UIApplicationSceneManifest_Generation = YES;
				INFOPLIST_KEY_UIApplicationSupportsIndirectInputEvents = YES;
				INFOPLIST_KEY_UILaunchScreen_Generation = YES;
				INFOPLIST_KEY_UISupportedInterfaceOrientations_iPad = "UIInterfaceOrientationPortrait UIInterfaceOrientationPortraitUpsideDown UIInterfaceOrientationLandscapeLeft UIInterfaceOrientationLandscapeRight";
				INFOPLIST_KEY_UISupportedInterfaceOrientations_iPhone = "UIInterfaceOrientationPortrait UIInterfaceOrientationLandscapeLeft UIInterfaceOrientationLandscapeRight";
				LD_RUNPATH_SEARCH_PATHS = (
					"$(inherited)",
					"@executable_path/Frameworks",
				);
				MARKETING_VERSION = 1.0;
				PRODUCT_BUNDLE_IDENTIFIER = "codebind.Hair-AI";
				PRODUCT_NAME = "$(TARGET_NAME)";
				STRING_CATALOG_GENERATE_SYMBOLS = YES;
				SWIFT_APPROACHABLE_CONCURRENCY = YES;
				SWIFT_DEFAULT_ACTOR_ISOLATION = MainActor;
				SWIFT_EMIT_LOC_STRINGS = YES;
				SWIFT_UPCOMING_FEATURE_MEMBER_IMPORT_VISIBILITY = YES;
				SWIFT_VERSION = 5.0;
				TARGETED_DEVICE_FAMILY = "1,2";
			};
			name = Release;
		};
		6099726D2F65072100F5C06D /* Debug */ = {
			isa = XCBuildConfiguration;
			buildSettings = {
				ALWAYS_SEARCH_USER_PATHS = NO;
				ASSETCATALOG_COMPILER_GENERATE_SWIFT_ASSET_SYMBOL_EXTENSIONS = YES;
				CLANG_ANALYZER_NONNULL = YES;
				CLANG_ANALYZER_NUMBER_OBJECT_CONVERSION = YES_AGGRESSIVE;
				CLANG_CXX_LANGUAGE_STANDARD = "gnu++20";
				CLANG_ENABLE_MODULES = YES;
				CLANG_ENABLE_OBJC_ARC = YES;
				CLANG_ENABLE_OBJC_WEAK = YES;
				CLANG_WARN_BLOCK_CAPTURE_AUTORELEASING = YES;
				CLANG_WARN_BOOL_CONVERSION = YES;
				CLANG_WARN_COMMA = YES;
				CLANG_WARN_CONSTANT_CONVERSION = YES;
				CLANG_WARN_DEPRECATED_OBJC_IMPLEMENTATIONS = YES;
				CLANG_WARN_DIRECT_OBJC_ISA_USAGE = YES_ERROR;
				CLANG_WARN_DOCUMENTATION_COMMENTS = YES;
				CLANG_WARN_EMPTY_BODY = YES;
				CLANG_WARN_ENUM_CONVERSION = YES;
				CLANG_WARN_INFINITE_RECURSION = YES;
				CLANG_WARN_INT_CONVERSION = YES;
				CLANG_WARN_NON_LITERAL_NULL_CONVERSION = YES;
				CLANG_WARN_OBJC_IMPLICIT_RETAIN_SELF = YES;
				CLANG_WARN_OBJC_LITERAL_CONVERSION = YES;
				CLANG_WARN_OBJC_ROOT_CLASS = YES_ERROR;
				CLANG_WARN_QUOTED_INCLUDE_IN_FRAMEWORK_HEADER = YES;
				CLANG_WARN_RANGE_LOOP_ANALYSIS = YES;
				CLANG_WARN_STRICT_PROTOTYPES = YES;
				CLANG_WARN_SUSPICIOUS_MOVE = YES;
				CLANG_WARN_UNGUARDED_AVAILABILITY = YES_AGGRESSIVE;
				CLANG_WARN_UNREACHABLE_CODE = YES;
				CLANG_WARN__DUPLICATE_METHOD_MATCH = YES;
				COPY_PHASE_STRIP = NO;
				DEBUG_INFORMATION_FORMAT = dwarf;
				ENABLE_STRICT_OBJC_MSGSEND = YES;
				ENABLE_TESTABILITY = YES;
				ENABLE_USER_SCRIPT_SANDBOXING = NO;
				GCC_C_LANGUAGE_STANDARD = gnu17;
				GCC_DYNAMIC_NO_PIC = NO;
				GCC_NO_COMMON_BLOCKS = YES;
				GCC_OPTIMIZATION_LEVEL = 0;
				GCC_PREPROCESSOR_DEFINITIONS = (
					"DEBUG=1",
					"$(inherited)",
				);
				GCC_WARN_64_TO_32_BIT_CONVERSION = YES;
				GCC_WARN_ABOUT_RETURN_TYPE = YES_ERROR;
				GCC_WARN_UNDECLARED_SELECTOR = YES;
				GCC_WARN_UNINITIALIZED_AUTOS = YES_AGGRESSIVE;
				GCC_WARN_UNUSED_FUNCTION = YES;
				GCC_WARN_UNUSED_VARIABLE = YES;
				IPHONEOS_DEPLOYMENT_TARGET = 26.1;
				LOCALIZATION_PREFERS_STRING_CATALOGS = YES;
				MTL_ENABLE_DEBUG_INFO = INCLUDE_SOURCE;
				MTL_FAST_MATH = YES;
				ONLY_ACTIVE_ARCH = YES;
				SDKROOT = iphoneos;
				SWIFT_ACTIVE_COMPILATION_CONDITIONS = "DEBUG $(inherited)";
				SWIFT_OPTIMIZATION_LEVEL = "-Onone";
			};
			name = Debug;
		};
		6099726E2F65072100F5C06D /* Release */ = {
			isa = XCBuildConfiguration;
			buildSettings = {
				ALWAYS_SEARCH_USER_PATHS = NO;
				ASSETCATALOG_COMPILER_GENERATE_SWIFT_ASSET_SYMBOL_EXTENSIONS = YES;
				CLANG_ANALYZER_NONNULL = YES;
				CLANG_ANALYZER_NUMBER_OBJECT_CONVERSION = YES_AGGRESSIVE;
				CLANG_CXX_LANGUAGE_STANDARD = "gnu++20";
				CLANG_ENABLE_MODULES = YES;
				CLANG_ENABLE_OBJC_ARC = YES;
				CLANG_ENABLE_OBJC_WEAK = YES;
				CLANG_WARN_BLOCK_CAPTURE_AUTORELEASING = YES;
				CLANG_WARN_BOOL_CONVERSION = YES;
				CLANG_WARN_COMMA = YES;
				CLANG_WARN_CONSTANT_CONVERSION = YES;
				CLANG_WARN_DEPRECATED_OBJC_IMPLEMENTATIONS = YES;
				CLANG_WARN_DIRECT_OBJC_ISA_USAGE = YES_ERROR;
				CLANG_WARN_DOCUMENTATION_COMMENTS = YES;
				CLANG_WARN_EMPTY_BODY = YES;
				CLANG_WARN_ENUM_CONVERSION = YES;
				CLANG_WARN_INFINITE_RECURSION = YES;
				CLANG_WARN_INT_CONVERSION = YES;
				CLANG_WARN_NON_LITERAL_NULL_CONVERSION = YES;
				CLANG_WARN_OBJC_IMPLICIT_RETAIN_SELF = YES;
				CLANG_WARN_OBJC_LITERAL_CONVERSION = YES;
				CLANG_WARN_OBJC_ROOT_CLASS = YES_ERROR;
				CLANG_WARN_QUOTED_INCLUDE_IN_FRAMEWORK_HEADER = YES;
				CLANG_WARN_RANGE_LOOP_ANALYSIS = YES;
				CLANG_WARN_STRICT_PROTOTYPES = YES;
				CLANG_WARN_SUSPICIOUS_MOVE = YES;
				CLANG_WARN_UNGUARDED_AVAILABILITY = YES_AGGRESSIVE;
				CLANG_WARN_UNREACHABLE_CODE = YES;
				CLANG_WARN__DUPLICATE_METHOD_MATCH = YES;
				COPY_PHASE_STRIP = NO;
				DEBUG_INFORMATION_FORMAT = "dwarf-with-dsym";
				ENABLE_NS_ASSERTIONS = NO;
				ENABLE_STRICT_OBJC_MSGSEND = YES;
				ENABLE_USER_SCRIPT_SANDBOXING = NO;
				GCC_C_LANGUAGE_STANDARD = gnu17;
				GCC_NO_COMMON_BLOCKS = YES;
				GCC_WARN_64_TO_32_BIT_CONVERSION = YES;
				GCC_WARN_ABOUT_RETURN_TYPE = YES_ERROR;
				GCC_WARN_UNDECLARED_SELECTOR = YES;
				GCC_WARN_UNINITIALIZED_AUTOS = YES_AGGRESSIVE;
				GCC_WARN_UNUSED_FUNCTION = YES;
				GCC_WARN_UNUSED_VARIABLE = YES;
				IPHONEOS_DEPLOYMENT_TARGET = 26.1;
				LOCALIZATION_PREFERS_STRING_CATALOGS = YES;
				MTL_ENABLE_DEBUG_INFO = NO;
				MTL_FAST_MATH = YES;
				SDKROOT = iphoneos;
				SWIFT_COMPILATION_MODE = wholemodule;
				VALIDATE_PRODUCT = YES;
			};
			name = Release;
		};
/* End XCBuildConfiguration section */

/* Begin XCConfigurationList section */
		609972572F65072000F5C06D /* Build configuration list for PBXProject "Hair AI" */ = {
			isa = XCConfigurationList;
			buildConfigurations = (
				6099726D2F65072100F5C06D /* Debug */,
				6099726E2F65072100F5C06D /* Release */,
			);
			defaultConfigurationIsVisible = 0;
			defaultConfigurationName = Release;
		};
		6099726A2F65072100F5C06D /* Build configuration list for PBXNativeTarget "Hair AI" */ = {
			isa = XCConfigurationList;
			buildConfigurations = (
				6099726B2F65072100F5C06D /* Debug */,
				6099726C2F65072100F5C06D /* Release */,
			);
			defaultConfigurationIsVisible = 0;
			defaultConfigurationName = Release;
		};
/* End XCConfigurationList section */

/* Begin XCRemoteSwiftPackageReference section */
		609972D92F65F7F700F5C06D /* XCRemoteSwiftPackageReference "firebase-ios-sdk" */ = {
			isa = XCRemoteSwiftPackageReference;
			repositoryURL = "https://github.com/firebase/firebase-ios-sdk";
			requirement = {
				kind = upToNextMajorVersion;
				minimumVersion = 12.10.0;
			};
		};
/* End XCRemoteSwiftPackageReference section */

/* Begin XCSwiftPackageProductDependency section */
		609972E12F65FFB900F5C06D /* FirebaseAuth */ = {
			isa = XCSwiftPackageProductDependency;
			package = 609972D92F65F7F700F5C06D /* XCRemoteSwiftPackageReference "firebase-ios-sdk" */;
			productName = FirebaseAuth;
		};
		609972E32F65FFC800F5C06D /* FirebaseFirestore */ = {
			isa = XCSwiftPackageProductDependency;
			package = 609972D92F65F7F700F5C06D /* XCRemoteSwiftPackageReference "firebase-ios-sdk" */;
			productName = FirebaseFirestore;
		};
		609972E52F65FFDA00F5C06D /* FirebaseStorage */ = {
			isa = XCSwiftPackageProductDependency;
			package = 609972D92F65F7F700F5C06D /* XCRemoteSwiftPackageReference "firebase-ios-sdk" */;
			productName = FirebaseStorage;
		};
		609972E72F65FFE600F5C06D /* FirebaseCore */ = {
			isa = XCSwiftPackageProductDependency;
			package = 609972D92F65F7F700F5C06D /* XCRemoteSwiftPackageReference "firebase-ios-sdk" */;
			productName = FirebaseCore;
		};
/* End XCSwiftPackageProductDependency section */
	};
	rootObject = 609972542F65072000F5C06D /* Project object */;
}
